PODS:
  - JSQMessagesViewController (7.3.4)

DEPENDENCIES:
  - JSQMessagesViewController (from `../`)

EXTERNAL SOURCES:
  JSQMessagesViewController:
    :path: ../

SPEC CHECKSUMS:
  JSQMessagesViewController: c11b9e77372ab72c45c67311f6da7342e32df1e8

PODFILE CHECKSUM: b51479be92e08cc1504a6937b0ded5693c7d1bd9

COCOAPODS: 1.0.1
