// !$*UTF8*$!
{
	archiveVersion = 1;
	classes = {
	};
	objectVersion = 46;
	objects = {

/* Begin PBXBuildFile section */
		2D4E760C6D52AC095DEF0A67 /* Pods_SwiftExample.framework in Frameworks */ = {isa = PBXBuildFile; fileRef = 2A0DC4B7792ACC2835F9E2C4 /* Pods_SwiftExample.framework */; };
		371B88351D42DE7000CC7271 /* InitalTableViewController.swift in Sources */ = {isa = PBXBuildFile; fileRef = 371B88341D42DE7000CC7271 /* InitalTableViewController.swift */; };
		378FC9851D43F3CD00DF0026 /* SettingsTests.swift in Sources */ = {isa = PBXBuildFile; fileRef = 378FC9841D43F3CD00DF0026 /* SettingsTests.swift */; };
		41AF84C51CFCA73B006ED473 /* ChatViewControllerTests.swift in Sources */ = {isa = PBXBuildFile; fileRef = 41AF84C41CFCA73B006ED473 /* ChatViewControllerTests.swift */; };
		41AF84E51CFCFE17006ED473 /* Images.xcassets in Resources */ = {isa = PBXBuildFile; fileRef = 41AF84E41CFCFE17006ED473 /* Images.xcassets */; };
		872F10EC240969CC9051FF5B /* Pods_SwiftExampleTests.framework in Frameworks */ = {isa = PBXBuildFile; fileRef = 4403B1A26FE3CFF614F3F725 /* Pods_SwiftExampleTests.framework */; };
		A0844FA11D38367C00D0EB83 /* jsq_messages_sample.m4a in Resources */ = {isa = PBXBuildFile; fileRef = A0844FA01D38367C00D0EB83 /* jsq_messages_sample.m4a */; };
		F80276D11CE38FA600063D88 /* DemoConversation.swift in Sources */ = {isa = PBXBuildFile; fileRef = F80276D01CE38FA600063D88 /* DemoConversation.swift */; };
		F80276D31CE38FEB00063D88 /* Conversation.swift in Sources */ = {isa = PBXBuildFile; fileRef = F80276D21CE38FEB00063D88 /* Conversation.swift */; };
		F80276D51CE3915700063D88 /* ChatViewController.swift in Sources */ = {isa = PBXBuildFile; fileRef = F80276D41CE3915700063D88 /* ChatViewController.swift */; };
		F82D09C31CDFBB4900DD74CF /* AppDelegate.swift in Sources */ = {isa = PBXBuildFile; fileRef = F82D09C21CDFBB4900DD74CF /* AppDelegate.swift */; };
		F82D09C81CDFBB4900DD74CF /* Main.storyboard in Resources */ = {isa = PBXBuildFile; fileRef = F82D09C61CDFBB4900DD74CF /* Main.storyboard */; };
		F82D09CD1CDFBB4900DD74CF /* LaunchScreen.storyboard in Resources */ = {isa = PBXBuildFile; fileRef = F82D09CB1CDFBB4900DD74CF /* LaunchScreen.storyboard */; };
		F82E19211CF0F2BE0069B211 /* SettingsTableViewController.swift in Sources */ = {isa = PBXBuildFile; fileRef = F82E19201CF0F2BE0069B211 /* SettingsTableViewController.swift */; };
/* End PBXBuildFile section */

/* Begin PBXContainerItemProxy section */
		F848952E1CE0EE8800F5B654 /* PBXContainerItemProxy */ = {
			isa = PBXContainerItemProxy;
			containerPortal = F82D09B71CDFBB4900DD74CF /* Project object */;
			proxyType = 1;
			remoteGlobalIDString = F82D09BE1CDFBB4900DD74CF;
			remoteInfo = SwiftExample;
		};
/* End PBXContainerItemProxy section */

/* Begin PBXFileReference section */
		2A0DC4B7792ACC2835F9E2C4 /* Pods_SwiftExample.framework */ = {isa = PBXFileReference; explicitFileType = wrapper.framework; includeInIndex = 0; path = Pods_SwiftExample.framework; sourceTree = BUILT_PRODUCTS_DIR; };
		371B88341D42DE7000CC7271 /* InitalTableViewController.swift */ = {isa = PBXFileReference; fileEncoding = 4; lastKnownFileType = sourcecode.swift; path = InitalTableViewController.swift; sourceTree = "<group>"; };
		378FC9841D43F3CD00DF0026 /* SettingsTests.swift */ = {isa = PBXFileReference; fileEncoding = 4; lastKnownFileType = sourcecode.swift; path = SettingsTests.swift; sourceTree = "<group>"; };
		3D5DE46B5737B20C9B95257C /* Pods-SwiftExample.debug.xcconfig */ = {isa = PBXFileReference; includeInIndex = 1; lastKnownFileType = text.xcconfig; name = "Pods-SwiftExample.debug.xcconfig"; path = "Pods/Target Support Files/Pods-SwiftExample/Pods-SwiftExample.debug.xcconfig"; sourceTree = "<group>"; };
		41AF84C41CFCA73B006ED473 /* ChatViewControllerTests.swift */ = {isa = PBXFileReference; fileEncoding = 4; lastKnownFileType = sourcecode.swift; path = ChatViewControllerTests.swift; sourceTree = "<group>"; };
		41AF84E41CFCFE17006ED473 /* Images.xcassets */ = {isa = PBXFileReference; lastKnownFileType = folder.assetcatalog; name = Images.xcassets; path = ../../JSQMessagesDemo/Images.xcassets; sourceTree = "<group>"; };
		4403B1A26FE3CFF614F3F725 /* Pods_SwiftExampleTests.framework */ = {isa = PBXFileReference; explicitFileType = wrapper.framework; includeInIndex = 0; path = Pods_SwiftExampleTests.framework; sourceTree = BUILT_PRODUCTS_DIR; };
		6C0AE5EA1B73CE4C012F9057 /* Pods-SwiftExampleTests.debug.xcconfig */ = {isa = PBXFileReference; includeInIndex = 1; lastKnownFileType = text.xcconfig; name = "Pods-SwiftExampleTests.debug.xcconfig"; path = "Pods/Target Support Files/Pods-SwiftExampleTests/Pods-SwiftExampleTests.debug.xcconfig"; sourceTree = "<group>"; };
		74B7033A0AA00050D9200C2B /* Pods-SwiftExampleTests.release.xcconfig */ = {isa = PBXFileReference; includeInIndex = 1; lastKnownFileType = text.xcconfig; name = "Pods-SwiftExampleTests.release.xcconfig"; path = "Pods/Target Support Files/Pods-SwiftExampleTests/Pods-SwiftExampleTests.release.xcconfig"; sourceTree = "<group>"; };
		8F35C314AF75B616FAD01E7A /* Pods-SwiftExample.release.xcconfig */ = {isa = PBXFileReference; includeInIndex = 1; lastKnownFileType = text.xcconfig; name = "Pods-SwiftExample.release.xcconfig"; path = "Pods/Target Support Files/Pods-SwiftExample/Pods-SwiftExample.release.xcconfig"; sourceTree = "<group>"; };
		A0844FA01D38367C00D0EB83 /* jsq_messages_sample.m4a */ = {isa = PBXFileReference; lastKnownFileType = file; name = jsq_messages_sample.m4a; path = ../../JSQMessagesDemo/jsq_messages_sample.m4a; sourceTree = "<group>"; };
		F80276D01CE38FA600063D88 /* DemoConversation.swift */ = {isa = PBXFileReference; fileEncoding = 4; lastKnownFileType = sourcecode.swift; path = DemoConversation.swift; sourceTree = "<group>"; };
		F80276D21CE38FEB00063D88 /* Conversation.swift */ = {isa = PBXFileReference; fileEncoding = 4; lastKnownFileType = sourcecode.swift; path = Conversation.swift; sourceTree = "<group>"; };
		F80276D41CE3915700063D88 /* ChatViewController.swift */ = {isa = PBXFileReference; fileEncoding = 4; lastKnownFileType = sourcecode.swift; path = ChatViewController.swift; sourceTree = "<group>"; };
		F82D09BF1CDFBB4900DD74CF /* SwiftExample.app */ = {isa = PBXFileReference; explicitFileType = wrapper.application; includeInIndex = 0; path = SwiftExample.app; sourceTree = BUILT_PRODUCTS_DIR; };
		F82D09C21CDFBB4900DD74CF /* AppDelegate.swift */ = {isa = PBXFileReference; lastKnownFileType = sourcecode.swift; path = AppDelegate.swift; sourceTree = "<group>"; };
		F82D09C71CDFBB4900DD74CF /* Base */ = {isa = PBXFileReference; lastKnownFileType = file.storyboard; name = Base; path = Base.lproj/Main.storyboard; sourceTree = "<group>"; };
		F82D09CC1CDFBB4900DD74CF /* Base */ = {isa = PBXFileReference; lastKnownFileType = file.storyboard; name = Base; path = Base.lproj/LaunchScreen.storyboard; sourceTree = "<group>"; };
		F82D09CE1CDFBB4900DD74CF /* Info.plist */ = {isa = PBXFileReference; lastKnownFileType = text.plist.xml; path = Info.plist; sourceTree = "<group>"; };
		F82E19201CF0F2BE0069B211 /* SettingsTableViewController.swift */ = {isa = PBXFileReference; fileEncoding = 4; lastKnownFileType = sourcecode.swift; path = SettingsTableViewController.swift; sourceTree = "<group>"; };
		F84895291CE0EE8800F5B654 /* SwiftExampleTests.xctest */ = {isa = PBXFileReference; explicitFileType = wrapper.cfbundle; includeInIndex = 0; path = SwiftExampleTests.xctest; sourceTree = BUILT_PRODUCTS_DIR; };
		F848952D1CE0EE8800F5B654 /* Info.plist */ = {isa = PBXFileReference; lastKnownFileType = text.plist.xml; path = Info.plist; sourceTree = "<group>"; };
/* End PBXFileReference section */

/* Begin PBXFrameworksBuildPhase section */
		F82D09BC1CDFBB4900DD74CF /* Frameworks */ = {
			isa = PBXFrameworksBuildPhase;
			buildActionMask = 2147483647;
			files = (
				2D4E760C6D52AC095DEF0A67 /* Pods_SwiftExample.framework in Frameworks */,
			);
			runOnlyForDeploymentPostprocessing = 0;
		};
		F84895261CE0EE8800F5B654 /* Frameworks */ = {
			isa = PBXFrameworksBuildPhase;
			buildActionMask = 2147483647;
			files = (
				872F10EC240969CC9051FF5B /* Pods_SwiftExampleTests.framework in Frameworks */,
			);
			runOnlyForDeploymentPostprocessing = 0;
		};
/* End PBXFrameworksBuildPhase section */

/* Begin PBXGroup section */
		21D0F5FC767AD74A06627E72 /* Pods */ = {
			isa = PBXGroup;
			children = (
				3D5DE46B5737B20C9B95257C /* Pods-SwiftExample.debug.xcconfig */,
				8F35C314AF75B616FAD01E7A /* Pods-SwiftExample.release.xcconfig */,
				6C0AE5EA1B73CE4C012F9057 /* Pods-SwiftExampleTests.debug.xcconfig */,
				74B7033A0AA00050D9200C2B /* Pods-SwiftExampleTests.release.xcconfig */,
			);
			name = Pods;
			sourceTree = "<group>";
		};
		93B54F50FF5261C4DD621D31 /* Frameworks */ = {
			isa = PBXGroup;
			children = (
				2A0DC4B7792ACC2835F9E2C4 /* Pods_SwiftExample.framework */,
				4403B1A26FE3CFF614F3F725 /* Pods_SwiftExampleTests.framework */,
			);
			name = Frameworks;
			sourceTree = "<group>";
		};
		F82D09B61CDFBB4900DD74CF = {
			isa = PBXGroup;
			children = (
				F82D09C11CDFBB4900DD74CF /* SwiftExample */,
				F848952A1CE0EE8800F5B654 /* SwiftExampleTests */,
				F82D09C01CDFBB4900DD74CF /* Products */,
				21D0F5FC767AD74A06627E72 /* Pods */,
				93B54F50FF5261C4DD621D31 /* Frameworks */,
			);
			sourceTree = "<group>";
		};
		F82D09C01CDFBB4900DD74CF /* Products */ = {
			isa = PBXGroup;
			children = (
				F82D09BF1CDFBB4900DD74CF /* SwiftExample.app */,
				F84895291CE0EE8800F5B654 /* SwiftExampleTests.xctest */,
			);
			name = Products;
			sourceTree = "<group>";
		};
		F82D09C11CDFBB4900DD74CF /* SwiftExample */ = {
			isa = PBXGroup;
			children = (
				F82D09C21CDFBB4900DD74CF /* AppDelegate.swift */,
				F80276D01CE38FA600063D88 /* DemoConversation.swift */,
				F80276D41CE3915700063D88 /* ChatViewController.swift */,
				F80276D21CE38FEB00063D88 /* Conversation.swift */,
				371B88341D42DE7000CC7271 /* InitalTableViewController.swift */,
				F82E19201CF0F2BE0069B211 /* SettingsTableViewController.swift */,
				F82D09C61CDFBB4900DD74CF /* Main.storyboard */,
				41AF84E41CFCFE17006ED473 /* Images.xcassets */,
				F82D09CB1CDFBB4900DD74CF /* LaunchScreen.storyboard */,
				A0844FA01D38367C00D0EB83 /* jsq_messages_sample.m4a */,
				F82D09CE1CDFBB4900DD74CF /* Info.plist */,
			);
			path = SwiftExample;
			sourceTree = "<group>";
		};
		F848952A1CE0EE8800F5B654 /* SwiftExampleTests */ = {
			isa = PBXGroup;
			children = (
				F848952D1CE0EE8800F5B654 /* Info.plist */,
				41AF84C41CFCA73B006ED473 /* ChatViewControllerTests.swift */,
				378FC9841D43F3CD00DF0026 /* SettingsTests.swift */,
			);
			path = SwiftExampleTests;
			sourceTree = "<group>";
		};
/* End PBXGroup section */

/* Begin PBXNativeTarget section */
		F82D09BE1CDFBB4900DD74CF /* SwiftExample */ = {
			isa = PBXNativeTarget;
			buildConfigurationList = F82D09D11CDFBB4900DD74CF /* Build configuration list for PBXNativeTarget "SwiftExample" */;
			buildPhases = (
				6F1D881EB82C4A076B2FDD24 /* [CP] Check Pods Manifest.lock */,
				F82D09BB1CDFBB4900DD74CF /* Sources */,
				F82D09BC1CDFBB4900DD74CF /* Frameworks */,
				F82D09BD1CDFBB4900DD74CF /* Resources */,
				F2DFA70BCADAEEAED3C8CE1A /* [CP] Embed Pods Frameworks */,
				2243A79665CACC4CBD6D7DFF /* [CP] Copy Pods Resources */,
			);
			buildRules = (
			);
			dependencies = (
			);
			name = SwiftExample;
			productName = SwiftExample;
			productReference = F82D09BF1CDFBB4900DD74CF /* SwiftExample.app */;
			productType = "com.apple.product-type.application";
		};
		F84895281CE0EE8800F5B654 /* SwiftExampleTests */ = {
			isa = PBXNativeTarget;
			buildConfigurationList = F84895321CE0EE8800F5B654 /* Build configuration list for PBXNativeTarget "SwiftExampleTests" */;
			buildPhases = (
				87263242F5AF11CD38D2F990 /* [CP] Check Pods Manifest.lock */,
				F84895251CE0EE8800F5B654 /* Sources */,
				F84895261CE0EE8800F5B654 /* Frameworks */,
				F84895271CE0EE8800F5B654 /* Resources */,
				0490B7E6F4ACA033A3B3434E /* [CP] Embed Pods Frameworks */,
				DE1DEABBB7B89A8EE25C6039 /* [CP] Copy Pods Resources */,
			);
			buildRules = (
			);
			dependencies = (
				F848952F1CE0EE8800F5B654 /* PBXTargetDependency */,
			);
			name = SwiftExampleTests;
			productName = SwiftExampleTests;
			productReference = F84895291CE0EE8800F5B654 /* SwiftExampleTests.xctest */;
			productType = "com.apple.product-type.bundle.unit-test";
		};
/* End PBXNativeTarget section */

/* Begin PBXProject section */
		F82D09B71CDFBB4900DD74CF /* Project object */ = {
			isa = PBXProject;
			attributes = {
				LastSwiftUpdateCheck = 0730;
				LastUpgradeCheck = 0730;
				ORGANIZATIONNAME = MacMeDan;
				TargetAttributes = {
					F82D09BE1CDFBB4900DD74CF = {
						CreatedOnToolsVersion = 7.3.1;
					};
					F84895281CE0EE8800F5B654 = {
						CreatedOnToolsVersion = 7.3.1;
						TestTargetID = F82D09BE1CDFBB4900DD74CF;
					};
				};
			};
			buildConfigurationList = F82D09BA1CDFBB4900DD74CF /* Build configuration list for PBXProject "SwiftExample" */;
			compatibilityVersion = "Xcode 3.2";
			developmentRegion = English;
			hasScannedForEncodings = 0;
			knownRegions = (
				en,
				Base,
			);
			mainGroup = F82D09B61CDFBB4900DD74CF;
			productRefGroup = F82D09C01CDFBB4900DD74CF /* Products */;
			projectDirPath = "";
			projectRoot = "";
			targets = (
				F82D09BE1CDFBB4900DD74CF /* SwiftExample */,
				F84895281CE0EE8800F5B654 /* SwiftExampleTests */,
			);
		};
/* End PBXProject section */

/* Begin PBXResourcesBuildPhase section */
		F82D09BD1CDFBB4900DD74CF /* Resources */ = {
			isa = PBXResourcesBuildPhase;
			buildActionMask = 2147483647;
			files = (
				F82D09CD1CDFBB4900DD74CF /* LaunchScreen.storyboard in Resources */,
				A0844FA11D38367C00D0EB83 /* jsq_messages_sample.m4a in Resources */,
				41AF84E51CFCFE17006ED473 /* Images.xcassets in Resources */,
				F82D09C81CDFBB4900DD74CF /* Main.storyboard in Resources */,
			);
			runOnlyForDeploymentPostprocessing = 0;
		};
		F84895271CE0EE8800F5B654 /* Resources */ = {
			isa = PBXResourcesBuildPhase;
			buildActionMask = 2147483647;
			files = (
			);
			runOnlyForDeploymentPostprocessing = 0;
		};
/* End PBXResourcesBuildPhase section */

/* Begin PBXShellScriptBuildPhase section */
		0490B7E6F4ACA033A3B3434E /* [CP] Embed Pods Frameworks */ = {
			isa = PBXShellScriptBuildPhase;
			buildActionMask = 2147483647;
			files = (
			);
			inputPaths = (
			);
			name = "[CP] Embed Pods Frameworks";
			outputPaths = (
			);
			runOnlyForDeploymentPostprocessing = 0;
			shellPath = /bin/sh;
			shellScript = "\"${SRCROOT}/Pods/Target Support Files/Pods-SwiftExampleTests/Pods-SwiftExampleTests-frameworks.sh\"\n";
			showEnvVarsInLog = 0;
		};
		2243A79665CACC4CBD6D7DFF /* [CP] Copy Pods Resources */ = {
			isa = PBXShellScriptBuildPhase;
			buildActionMask = 2147483647;
			files = (
			);
			inputPaths = (
			);
			name = "[CP] Copy Pods Resources";
			outputPaths = (
			);
			runOnlyForDeploymentPostprocessing = 0;
			shellPath = /bin/sh;
			shellScript = "\"${SRCROOT}/Pods/Target Support Files/Pods-SwiftExample/Pods-SwiftExample-resources.sh\"\n";
			showEnvVarsInLog = 0;
		};
		6F1D881EB82C4A076B2FDD24 /* [CP] Check Pods Manifest.lock */ = {
			isa = PBXShellScriptBuildPhase;
			buildActionMask = 2147483647;
			files = (
			);
			inputPaths = (
			);
			name = "[CP] Check Pods Manifest.lock";
			outputPaths = (
			);
			runOnlyForDeploymentPostprocessing = 0;
			shellPath = /bin/sh;
			shellScript = "diff \"${PODS_ROOT}/../Podfile.lock\" \"${PODS_ROOT}/Manifest.lock\" > /dev/null\nif [[ $? != 0 ]] ; then\n    cat << EOM\nerror: The sandbox is not in sync with the Podfile.lock. Run 'pod install' or update your CocoaPods installation.\nEOM\n    exit 1\nfi\n";
			showEnvVarsInLog = 0;
		};
		87263242F5AF11CD38D2F990 /* [CP] Check Pods Manifest.lock */ = {
			isa = PBXShellScriptBuildPhase;
			buildActionMask = 2147483647;
			files = (
			);
			inputPaths = (
			);
			name = "[CP] Check Pods Manifest.lock";
			outputPaths = (
			);
			runOnlyForDeploymentPostprocessing = 0;
			shellPath = /bin/sh;
			shellScript = "diff \"${PODS_ROOT}/../Podfile.lock\" \"${PODS_ROOT}/Manifest.lock\" > /dev/null\nif [[ $? != 0 ]] ; then\n    cat << EOM\nerror: The sandbox is not in sync with the Podfile.lock. Run 'pod install' or update your CocoaPods installation.\nEOM\n    exit 1\nfi\n";
			showEnvVarsInLog = 0;
		};
		DE1DEABBB7B89A8EE25C6039 /* [CP] Copy Pods Resources */ = {
			isa = PBXShellScriptBuildPhase;
			buildActionMask = 2147483647;
			files = (
			);
			inputPaths = (
			);
			name = "[CP] Copy Pods Resources";
			outputPaths = (
			);
			runOnlyForDeploymentPostprocessing = 0;
			shellPath = /bin/sh;
			shellScript = "\"${SRCROOT}/Pods/Target Support Files/Pods-SwiftExampleTests/Pods-SwiftExampleTests-resources.sh\"\n";
			showEnvVarsInLog = 0;
		};
		F2DFA70BCADAEEAED3C8CE1A /* [CP] Embed Pods Frameworks */ = {
			isa = PBXShellScriptBuildPhase;
			buildActionMask = 2147483647;
			files = (
			);
			inputPaths = (
			);
			name = "[CP] Embed Pods Frameworks";
			outputPaths = (
			);
			runOnlyForDeploymentPostprocessing = 0;
			shellPath = /bin/sh;
			shellScript = "\"${SRCROOT}/Pods/Target Support Files/Pods-SwiftExample/Pods-SwiftExample-frameworks.sh\"\n";
			showEnvVarsInLog = 0;
		};
/* End PBXShellScriptBuildPhase section */

/* Begin PBXSourcesBuildPhase section */
		F82D09BB1CDFBB4900DD74CF /* Sources */ = {
			isa = PBXSourcesBuildPhase;
			buildActionMask = 2147483647;
			files = (
				F80276D31CE38FEB00063D88 /* Conversation.swift in Sources */,
				F80276D11CE38FA600063D88 /* DemoConversation.swift in Sources */,
				F80276D51CE3915700063D88 /* ChatViewController.swift in Sources */,
				F82D09C31CDFBB4900DD74CF /* AppDelegate.swift in Sources */,
				F82E19211CF0F2BE0069B211 /* SettingsTableViewController.swift in Sources */,
				371B88351D42DE7000CC7271 /* InitalTableViewController.swift in Sources */,
			);
			runOnlyForDeploymentPostprocessing = 0;
		};
		F84895251CE0EE8800F5B654 /* Sources */ = {
			isa = PBXSourcesBuildPhase;
			buildActionMask = 2147483647;
			files = (
				378FC9851D43F3CD00DF0026 /* SettingsTests.swift in Sources */,
				41AF84C51CFCA73B006ED473 /* ChatViewControllerTests.swift in Sources */,
			);
			runOnlyForDeploymentPostprocessing = 0;
		};
/* End PBXSourcesBuildPhase section */

/* Begin PBXTargetDependency section */
		F848952F1CE0EE8800F5B654 /* PBXTargetDependency */ = {
			isa = PBXTargetDependency;
			target = F82D09BE1CDFBB4900DD74CF /* SwiftExample */;
			targetProxy = F848952E1CE0EE8800F5B654 /* PBXContainerItemProxy */;
		};
/* End PBXTargetDependency section */

/* Begin PBXVariantGroup section */
		F82D09C61CDFBB4900DD74CF /* Main.storyboard */ = {
			isa = PBXVariantGroup;
			children = (
				F82D09C71CDFBB4900DD74CF /* Base */,
			);
			name = Main.storyboard;
			sourceTree = "<group>";
		};
		F82D09CB1CDFBB4900DD74CF /* LaunchScreen.storyboard */ = {
			isa = PBXVariantGroup;
			children = (
				F82D09CC1CDFBB4900DD74CF /* Base */,
			);
			name = LaunchScreen.storyboard;
			sourceTree = "<group>";
		};
/* End PBXVariantGroup section */

/* Begin XCBuildConfiguration section */
		F82D09CF1CDFBB4900DD74CF /* Debug */ = {
			isa = XCBuildConfiguration;
			buildSettings = {
				ALWAYS_SEARCH_USER_PATHS = NO;
				CLANG_ANALYZER_NONNULL = YES;
				CLANG_CXX_LANGUAGE_STANDARD = "gnu++0x";
				CLANG_CXX_LIBRARY = "libc++";
				CLANG_ENABLE_MODULES = YES;
				CLANG_ENABLE_OBJC_ARC = YES;
				CLANG_WARN_BOOL_CONVERSION = YES;
				CLANG_WARN_CONSTANT_CONVERSION = YES;
				CLANG_WARN_DIRECT_OBJC_ISA_USAGE = YES_ERROR;
				CLANG_WARN_EMPTY_BODY = YES;
				CLANG_WARN_ENUM_CONVERSION = YES;
				CLANG_WARN_INT_CONVERSION = YES;
				CLANG_WARN_OBJC_ROOT_CLASS = YES_ERROR;
				CLANG_WARN_UNREACHABLE_CODE = YES;
				CLANG_WARN__DUPLICATE_METHOD_MATCH = YES;
				"CODE_SIGN_IDENTITY[sdk=iphoneos*]" = "iPhone Developer";
				COPY_PHASE_STRIP = NO;
				DEBUG_INFORMATION_FORMAT = dwarf;
				ENABLE_STRICT_OBJC_MSGSEND = YES;
				ENABLE_TESTABILITY = YES;
				GCC_C_LANGUAGE_STANDARD = gnu99;
				GCC_DYNAMIC_NO_PIC = NO;
				GCC_NO_COMMON_BLOCKS = YES;
				GCC_OPTIMIZATION_LEVEL = 0;
				GCC_PREPROCESSOR_DEFINITIONS = (
					"DEBUG=1",
					"$(inherited)",
				);
				GCC_WARN_64_TO_32_BIT_CONVERSION = YES;
				GCC_WARN_ABOUT_RETURN_TYPE = YES_ERROR;
				GCC_WARN_UNDECLARED_SELECTOR = YES;
				GCC_WARN_UNINITIALIZED_AUTOS = YES_AGGRESSIVE;
				GCC_WARN_UNUSED_FUNCTION = YES;
				GCC_WARN_UNUSED_VARIABLE = YES;
				IPHONEOS_DEPLOYMENT_TARGET = 9.3;
				MTL_ENABLE_DEBUG_INFO = YES;
				ONLY_ACTIVE_ARCH = YES;
				SDKROOT = iphoneos;
				SWIFT_OPTIMIZATION_LEVEL = "-Onone";
				TARGETED_DEVICE_FAMILY = "1,2";
			};
			name = Debug;
		};
		F82D09D01CDFBB4900DD74CF /* Release */ = {
			isa = XCBuildConfiguration;
			buildSettings = {
				ALWAYS_SEARCH_USER_PATHS = NO;
				CLANG_ANALYZER_NONNULL = YES;
				CLANG_CXX_LANGUAGE_STANDARD = "gnu++0x";
				CLANG_CXX_LIBRARY = "libc++";
				CLANG_ENABLE_MODULES = YES;
				CLANG_ENABLE_OBJC_ARC = YES;
				CLANG_WARN_BOOL_CONVERSION = YES;
				CLANG_WARN_CONSTANT_CONVERSION = YES;
				CLANG_WARN_DIRECT_OBJC_ISA_USAGE = YES_ERROR;
				CLANG_WARN_EMPTY_BODY = YES;
				CLANG_WARN_ENUM_CONVERSION = YES;
				CLANG_WARN_INT_CONVERSION = YES;
				CLANG_WARN_OBJC_ROOT_CLASS = YES_ERROR;
				CLANG_WARN_UNREACHABLE_CODE = YES;
				CLANG_WARN__DUPLICATE_METHOD_MATCH = YES;
				"CODE_SIGN_IDENTITY[sdk=iphoneos*]" = "iPhone Developer";
				COPY_PHASE_STRIP = NO;
				DEBUG_INFORMATION_FORMAT = "dwarf-with-dsym";
				ENABLE_NS_ASSERTIONS = NO;
				ENABLE_STRICT_OBJC_MSGSEND = YES;
				GCC_C_LANGUAGE_STANDARD = gnu99;
				GCC_NO_COMMON_BLOCKS = YES;
				GCC_WARN_64_TO_32_BIT_CONVERSION = YES;
				GCC_WARN_ABOUT_RETURN_TYPE = YES_ERROR;
				GCC_WARN_UNDECLARED_SELECTOR = YES;
				GCC_WARN_UNINITIALIZED_AUTOS = YES_AGGRESSIVE;
				GCC_WARN_UNUSED_FUNCTION = YES;
				GCC_WARN_UNUSED_VARIABLE = YES;
				IPHONEOS_DEPLOYMENT_TARGET = 9.3;
				MTL_ENABLE_DEBUG_INFO = NO;
				SDKROOT = iphoneos;
				TARGETED_DEVICE_FAMILY = "1,2";
				VALIDATE_PRODUCT = YES;
			};
			name = Release;
		};
		F82D09D21CDFBB4900DD74CF /* Debug */ = {
			isa = XCBuildConfiguration;
			baseConfigurationReference = 3D5DE46B5737B20C9B95257C /* Pods-SwiftExample.debug.xcconfig */;
			buildSettings = {
				ASSETCATALOG_COMPILER_APPICON_NAME = AppIcon;
				INFOPLIST_FILE = SwiftExample/Info.plist;
				LD_RUNPATH_SEARCH_PATHS = "$(inherited) @executable_path/Frameworks";
				PRODUCT_BUNDLE_IDENTIFIER = com.MacMeDan.SwiftExample;
				PRODUCT_NAME = "$(TARGET_NAME)";
			};
			name = Debug;
		};
		F82D09D31CDFBB4900DD74CF /* Release */ = {
			isa = XCBuildConfiguration;
			baseConfigurationReference = 8F35C314AF75B616FAD01E7A /* Pods-SwiftExample.release.xcconfig */;
			buildSettings = {
				ASSETCATALOG_COMPILER_APPICON_NAME = AppIcon;
				INFOPLIST_FILE = SwiftExample/Info.plist;
				LD_RUNPATH_SEARCH_PATHS = "$(inherited) @executable_path/Frameworks";
				PRODUCT_BUNDLE_IDENTIFIER = com.MacMeDan.SwiftExample;
				PRODUCT_NAME = "$(TARGET_NAME)";
			};
			name = Release;
		};
		F84895301CE0EE8800F5B654 /* Debug */ = {
			isa = XCBuildConfiguration;
			baseConfigurationReference = 6C0AE5EA1B73CE4C012F9057 /* Pods-SwiftExampleTests.debug.xcconfig */;
			buildSettings = {
				BUNDLE_LOADER = "$(TEST_HOST)";
				INFOPLIST_FILE = SwiftExampleTests/Info.plist;
				LD_RUNPATH_SEARCH_PATHS = "$(inherited) @executable_path/Frameworks @loader_path/Frameworks";
				PRODUCT_BUNDLE_IDENTIFIER = com.MacMeDan.SwiftExampleTests;
				PRODUCT_NAME = "$(TARGET_NAME)";
				TEST_HOST = "$(BUILT_PRODUCTS_DIR)/SwiftExample.app/SwiftExample";
			};
			name = Debug;
		};
		F84895311CE0EE8800F5B654 /* Release */ = {
			isa = XCBuildConfiguration;
			baseConfigurationReference = 74B7033A0AA00050D9200C2B /* Pods-SwiftExampleTests.release.xcconfig */;
			buildSettings = {
				BUNDLE_LOADER = "$(TEST_HOST)";
				INFOPLIST_FILE = SwiftExampleTests/Info.plist;
				LD_RUNPATH_SEARCH_PATHS = "$(inherited) @executable_path/Frameworks @loader_path/Frameworks";
				PRODUCT_BUNDLE_IDENTIFIER = com.MacMeDan.SwiftExampleTests;
				PRODUCT_NAME = "$(TARGET_NAME)";
				TEST_HOST = "$(BUILT_PRODUCTS_DIR)/SwiftExample.app/SwiftExample";
			};
			name = Release;
		};
/* End XCBuildConfiguration section */

/* Begin XCConfigurationList section */
		F82D09BA1CDFBB4900DD74CF /* Build configuration list for PBXProject "SwiftExample" */ = {
			isa = XCConfigurationList;
			buildConfigurations = (
				F82D09CF1CDFBB4900DD74CF /* Debug */,
				F82D09D01CDFBB4900DD74CF /* Release */,
			);
			defaultConfigurationIsVisible = 0;
			defaultConfigurationName = Release;
		};
		F82D09D11CDFBB4900DD74CF /* Build configuration list for PBXNativeTarget "SwiftExample" */ = {
			isa = XCConfigurationList;
			buildConfigurations = (
				F82D09D21CDFBB4900DD74CF /* Debug */,
				F82D09D31CDFBB4900DD74CF /* Release */,
			);
			defaultConfigurationIsVisible = 0;
			defaultConfigurationName = Release;
		};
		F84895321CE0EE8800F5B654 /* Build configuration list for PBXNativeTarget "SwiftExampleTests" */ = {
			isa = XCConfigurationList;
			buildConfigurations = (
				F84895301CE0EE8800F5B654 /* Debug */,
				F84895311CE0EE8800F5B654 /* Release */,
			);
			defaultConfigurationIsVisible = 0;
			defaultConfigurationName = Release;
		};
/* End XCConfigurationList section */
	};
	rootObject = F82D09B71CDFBB4900DD74CF /* Project object */;
}
